{
  "version": "4",
  "specifiers": {
    "jsr:@std/bytes@^1.0.3": "1.0.3",
    "jsr:@std/streams@^1.0.8": "1.0.8"
  },
  "jsr": {
    "@std/bytes@1.0.3": {
      "integrity": "e5d5b9e685966314e4edb4be60dfc4bd7624a075bfd4ec8109252b4320f76452"
    },
    "@std/streams@1.0.8": {
      "integrity": "b41332d93d2cf6a82fe4ac2153b930adf1a859392931e2a19d9fabfb6f154fb3",
      "dependencies": [
        "jsr:@std/bytes"
      ]
    }
  },
  "workspace": {
    "dependencies": [
      "jsr:@std/streams@^1.0.8"
    ]
  }
}
