{
  "version": "4",
  "specifiers": {
    "jsr:@carltonj2000/sing@0.1": "0.1.0",
    "npm:create-vite-extra@latest": "2.4.1"
  },
  "jsr": {
    "@carltonj2000/sing@0.1.0": {
      "integrity": "53ec9378b4b545c7f954517c72ebda4fb9a0ef14eddeb70b83b09d2952465dba"
    }
  },
  "npm": {
    "create-vite-extra@2.4.1": {
      "integrity": "sha512-E6ZfVShrLGUlSsOVwFd5navPF8oeQfxTzyaPnjY3CCfsGVzS3OhCk1V88Yq/fpgtISBLrDI9wfoWMjSjfj/eqA==",
      "dependencies": [
        "minimist",
        "picocolors",
        "prompts"
      ]
    },
    "kleur@3.0.3": {
      "integrity": "sha512-eTIzlVOSUR+JxdDFepEYcBMtZ9Qqdef+rnzWdRZuMbOywu5tO2w2N7rqjoANZ5k9vywhL6Br1VRjUIgTQx4E8w=="
    },
    "minimist@1.2.8": {
      "integrity": "sha512-2yyAR8qBkN3YuheJanUpWC5U3bb5osDywNB8RzDVlDwDHbocAJveqqj1u8+SVD7jkWT4yvsHCpWqqWqAxb0zCA=="
    },
    "picocolors@1.1.1": {
      "integrity": "sha512-xceH2snhtb5M9liqDsmEw56le376mTZkEX/jEb/RxNFyegNul7eNslCXP9FDj/Lcu0X8KEyMceP2ntpaHrDEVA=="
    },
    "prompts@2.4.2": {
      "integrity": "sha512-NxNv/kLguCA7p3jE8oL2aEBsrJWgAakBpgmgK6lpPWV+WuOmY6r2/zbAVnP+T8bQlA0nzHXSJSJW0Hq7ylaD2Q==",
      "dependencies": [
        "kleur",
        "sisteransi"
      ]
    },
    "sisteransi@1.0.5": {
      "integrity": "sha512-bLGGlR1QxBcynn2d5YmDX4MGjlZvy2MRBDRNHLJ8VI6l6+9FUiyTFNJ0IveOSP0bcXgVDPRcfGqA0pjaqUpfVg=="
    }
  },
  "workspace": {
    "dependencies": [
      "jsr:@carltonj2000/sing@0.1"
    ]
  }
}
